
Microsoft Visual Studio Solution File, Format Version 12.00
# Visual Studio 14
VisualStudioVersion = 14.0.23107.0
MinimumVisualStudioVersion = 10.0.40219.1
Project("{FAE04EC0-301F-11D3-BF4B-00C04F79EFBC}") = "SelLunarApi", "SelLunarApi\SelLunarApi.csproj", "{403C6291-F94A-44B4-9D5D-B57691BFB7BD}"
EndProject
Project("{FAE04EC0-301F-11D3-BF4B-00C04F79EFBC}") = "SelLunarApi.Tests", "SelLunarApi.Tests\SelLunarApi.Tests.csproj", "{0FBD71A2-D71B-476C-8818-8AE8D18FF9C2}"
EndProject
Global
	GlobalSection(SolutionConfigurationPlatforms) = preSolution
		Debug|Any CPU = Debug|Any CPU
		Release|Any CPU = Release|Any CPU
	EndGlobalSection
	GlobalSection(ProjectConfigurationPlatforms) = postSolution
		{403C6291-F94A-44B4-9D5D-B57691BFB7BD}.Debug|Any CPU.ActiveCfg = Debug|Any CPU
		{403C6291-F94A-44B4-9D5D-B57691BFB7BD}.Debug|Any CPU.Build.0 = Debug|Any CPU
		{403C6291-F94A-44B4-9D5D-B57691BFB7BD}.Release|Any CPU.ActiveCfg = Release|Any CPU
		{403C6291-F94A-44B4-9D5D-B57691BFB7BD}.Release|Any CPU.Build.0 = Release|Any CPU
		{0FBD71A2-D71B-476C-8818-8AE8D18FF9C2}.Debug|Any CPU.ActiveCfg = Debug|Any CPU
		{0FBD71A2-D71B-476C-8818-8AE8D18FF9C2}.Debug|Any CPU.Build.0 = Debug|Any CPU
		{0FBD71A2-D71B-476C-8818-8AE8D18FF9C2}.Release|Any CPU.ActiveCfg = Release|Any CPU
		{0FBD71A2-D71B-476C-8818-8AE8D18FF9C2}.Release|Any CPU.Build.0 = Release|Any CPU
	EndGlobalSection
	GlobalSection(SolutionProperties) = preSolution
		HideSolutionNode = FALSE
	EndGlobalSection
EndGlobal
